<?xml version="1.0" encoding="utf-8"?>
<Project ToolsVersion="4.0" xmlns="http://schemas.microsoft.com/developer/msbuild/2003">
  <ItemGroup>
    <Filter Include="Source Files">
      <UniqueIdentifier>{4FC737F1-C7A5-4376-A066-2A32D752A2FF}</UniqueIdentifier>
      <Extensions>cpp;c;cc;cxx;def;odl;idl;hpj;bat;asm;asmx</Extensions>
    </Filter>
    <Filter Include="Header Files">
      <UniqueIdentifier>{93995380-89BD-4b04-88EB-625FBE52EBFB}</UniqueIdentifier>
      <Extensions>h;hh;hpp;hxx;hm;inl;inc;xsd</Extensions>
    </Filter>
    <Filter Include="Resource Files">
      <UniqueIdentifier>{67DA6AB6-F800-4c08-8B7A-83BB121AAD01}</UniqueIdentifier>
      <Extensions>rc;ico;cur;bmp;dlg;rc2;rct;bin;rgs;gif;jpg;jpeg;jpe;resx;tiff;tif;png;wav;mfcribbon-ms</Extensions>
    </Filter>
    <Filter Include="Header Files\Smg">
      <UniqueIdentifier>{27b2821f-47c9-40c8-94b4-b8abf94acd3b}</UniqueIdentifier>
    </Filter>
    <Filter Include="Source Files\Smg">
      <UniqueIdentifier>{d1a8e753-4ee9-4831-b5fa-5dd7206cc8d9}</UniqueIdentifier>
    </Filter>
  </ItemGroup>
  <ItemGroup>
    <Text Include="..\CMakeLists.txt" />
  </ItemGroup>
  <ItemGroup>
    <ClInclude Include="..\src\Definitions.hh">
      <Filter>Header Files</Filter>
    </ClInclude>
    <ClInclude Include="..\src\DummyOperations.hh">
      <Filter>Header Files</Filter>
    </ClInclude>
    <ClInclude Include="..\src\DummyState.hh">
      <Filter>Header Files</Filter>
    </ClInclude>
    <ClInclude Include="..\src\enum_flags.h">
      <Filter>Header Files</Filter>
    </ClInclude>
    <ClInclude Include="..\src\Exceptions.hh">
      <Filter>Header Files</Filter>
    </ClInclude>
    <ClInclude Include="..\src\ForwardNullAnalysis.hh">
      <Filter>Header Files</Filter>
    </ClInclude>
    <ClInclude Include="..\src\FrontedValueMapper.hh">
      <Filter>Header Files</Filter>
    </ClInclude>
    <ClInclude Include="..\src\General.hh">
      <Filter>Header Files</Filter>
    </ClInclude>
    <ClInclude Include="..\src\ICfgNode.hh">
      <Filter>Header Files</Filter>
    </ClInclude>
    <ClInclude Include="..\src\IOperation.hh">
      <Filter>Header Files</Filter>
    </ClInclude>
    <ClInclude Include="..\src\IState.hh">
      <Filter>Header Files</Filter>
    </ClInclude>
    <ClInclude Include="..\src\LlvmGlobals.hh">
      <Filter>Header Files</Filter>
    </ClInclude>
    <ClInclude Include="..\src\StateStorage.hh">
      <Filter>Header Files</Filter>
    </ClInclude>
    <ClInclude Include="..\src\Type.hh">
      <Filter>Header Files</Filter>
    </ClInclude>
    <ClInclude Include="..\src\ValueContainerV1.hh">
      <Filter>Header Files</Filter>
    </ClInclude>
    <ClInclude Include="..\src\Values.hh">
      <Filter>Header Files</Filter>
    </ClInclude>
    <ClInclude Include="..\src\ValuesZ3.hh">
      <Filter>Header Files</Filter>
    </ClInclude>
    <ClInclude Include="..\src\LlvmFrontend.hh">
      <Filter>Header Files</Filter>
    </ClInclude>
    <ClInclude Include="..\src\IdImpl.hh">
      <Filter>Header Files</Filter>
    </ClInclude>
    <ClInclude Include="..\..\croaring\roaring.h">
      <Filter>Header Files</Filter>
    </ClInclude>
    <ClInclude Include="..\..\croaring\roaring.hh">
      <Filter>Header Files</Filter>
    </ClInclude>
    <ClInclude Include="..\src\precompall.hh">
      <Filter>Header Files</Filter>
    </ClInclude>
    <ClInclude Include="..\src\precompllvm.hh">
      <Filter>Header Files</Filter>
    </ClInclude>
    <ClInclude Include="..\src\precompother.hh">
      <Filter>Header Files</Filter>
    </ClInclude>
    <ClInclude Include="..\src\Operation.hh">
      <Filter>Header Files</Filter>
    </ClInclude>
    <ClInclude Include="..\src\MemoryGraphAnalysis.hh">
      <Filter>Header Files</Filter>
    </ClInclude>
    <ClInclude Include="..\src\CfgNodeBase.hh">
      <Filter>Header Files</Filter>
    </ClInclude>
    <ClInclude Include="..\src\Smg.hh">
      <Filter>Header Files</Filter>
    </ClInclude>
    <ClInclude Include="..\src\SmgCrawler.hh">
      <Filter>Header Files</Filter>
    </ClInclude>
    <ClInclude Include="..\src\SmgPrinter.hh">
      <Filter>Header Files</Filter>
    </ClInclude>
    <ClInclude Include="..\src\ISmgVisitor.hh">
      <Filter>Header Files</Filter>
    </ClInclude>
    <ClInclude Include="..\src\ValueId.hh">
      <Filter>Header Files</Filter>
    </ClInclude>
    <ClInclude Include="..\src\Smg\Edge.hh">
      <Filter>Header Files\Smg</Filter>
    </ClInclude>
    <ClInclude Include="..\src\Smg\Object.hh">
      <Filter>Header Files\Smg</Filter>
    </ClInclude>
    <ClInclude Include="..\src\Smg\Smg_fwd.hh">
      <Filter>Header Files\Smg</Filter>
    </ClInclude>
    <ClInclude Include="..\src\Smg\Graph.hh">
      <Filter>Header Files\Smg</Filter>
    </ClInclude>
    <ClInclude Include="..\src\Smg\ObjectId.hh">
      <Filter>Header Files\Smg</Filter>
    </ClInclude>
    <ClInclude Include="..\src\Smg\Wrappers.hh">
      <Filter>Header Files\Smg</Filter>
    </ClInclude>
  </ItemGroup>
  <ItemGroup>
    <ClCompile Include="..\src\console.cc">
      <Filter>Source Files</Filter>
    </ClCompile>
    <ClCompile Include="..\src\Exceptions.cc">
      <Filter>Source Files</Filter>
    </ClCompile>
    <ClCompile Include="..\src\laboratory.cc">
      <Filter>Source Files</Filter>
    </ClCompile>
    <ClCompile Include="..\src\LlvmGlobals.cc">
      <Filter>Source Files</Filter>
    </ClCompile>
    <ClCompile Include="..\src\Smg.cc">
      <Filter>Source Files</Filter>
    </ClCompile>
    <ClCompile Include="..\src\StateStorage.cc">
      <Filter>Source Files</Filter>
    </ClCompile>
    <ClCompile Include="..\src\ValueContainerV1.cc">
      <Filter>Source Files</Filter>
    </ClCompile>
    <ClCompile Include="..\src\ValueId.cc">
      <Filter>Source Files</Filter>
    </ClCompile>
    <ClCompile Include="..\src\ValuesZ3.cc">
      <Filter>Source Files</Filter>
    </ClCompile>
    <ClCompile Include="..\src\LlvmType.cc">
      <Filter>Source Files</Filter>
    </ClCompile>
    <ClCompile Include="..\src\LlvmFrontend.cc">
      <Filter>Source Files</Filter>
    </ClCompile>
    <ClCompile Include="..\src\AngieType.cc">
      <Filter>Source Files</Filter>
    </ClCompile>
    <ClCompile Include="..\..\croaring\roaring.c">
      <Filter>Source Files</Filter>
    </ClCompile>
    <ClCompile Include="..\src\precompllvm.cc">
      <Filter>Source Files</Filter>
    </ClCompile>
    <ClCompile Include="..\src\precompother.cc">
      <Filter>Source Files</Filter>
    </ClCompile>
    <ClCompile Include="..\src\precompall.cc">
      <Filter>Source Files</Filter>
    </ClCompile>
    <ClCompile Include="..\src\main.cc">
      <Filter>Source Files</Filter>
    </ClCompile>
    <ClCompile Include="..\src\SmgCrawler.cc">
      <Filter>Source Files</Filter>
    </ClCompile>
    <ClCompile Include="..\src\SmgPrinter.cc">
      <Filter>Source Files</Filter>
    </ClCompile>
    <ClCompile Include="..\src\Smg\Edge.cc">
      <Filter>Source Files\Smg</Filter>
    </ClCompile>
    <ClCompile Include="..\src\Smg\Object.cc">
      <Filter>Source Files\Smg</Filter>
    </ClCompile>
    <ClCompile Include="..\src\ValueId.cc">
      <Filter>Source Files</Filter>
    </ClCompile>
    <ClCompile Include="..\src\Smg\Graph.cc">
      <Filter>Source Files\Smg</Filter>
    </ClCompile>
    <ClCompile Include="..\src\Smg\ObjectId.cc">
      <Filter>Source Files\Smg</Filter>
    </ClCompile>
    <ClCompile Include="..\src\Smg\Wrappers.cc">
      <Filter>Source Files\Smg</Filter>
    </ClCompile>
  </ItemGroup>
  <ItemGroup>
    <None Include="Angie.licenseheader" />
    <None Include="..\notes\dulezite_poznatky.md" />
    <None Include="..\notes\todo.md" />
    <None Include="..\notes\meetings.md" />
    <None Include="..\README.md" />
    <None Include="..\regex_cheat_sheet.md" />
  </ItemGroup>
  <ItemGroup>
    <Natvis Include="llvm.natvis" />
    <Natvis Include="clang.natvis" />
    <Natvis Include="custom.natvis" />
    <Natvis Include="GSL.natvis" />
  </ItemGroup>
</Project>